
Microsoft Visual Studio Solution File, Format Version 12.00
# Visual Studio 15
VisualStudioVersion = 15.0.28307.329
MinimumVisualStudioVersion = 10.0.40219.1
Project("{8BC9CEB8-8B4A-11D0-8D11-00A0C91BC942}") = "Practic_work_1", "SiAOD\SiAOD.vcxproj", "{CFB88964-9350-409E-BCB1-79C3E2262FCB}"
EndProject
Project("{8BC9CEB8-8B4A-11D0-8D11-00A0C91BC942}") = "Lab_work_1", "Lab_work_1\Lab_work_1.vcxproj", "{CA1A3192-2737-4448-9C2E-82CE847FD97F}"
EndProject
Project("{8BC9CEB8-8B4A-11D0-8D11-00A0C91BC942}") = "Practic_work_2", "Practic_work_2\Practic_work_2.vcxproj", "{4309D58B-A310-4DB6-B5F5-88AB84DCDAAE}"
EndProject
Project("{8BC9CEB8-8B4A-11D0-8D11-00A0C91BC942}") = "Lab_work_2", "Lab_work_2\Lab_work_2.vcxproj", "{E47094B7-7A11-45B8-A0DE-8FDD1702B717}"
EndProject
Project("{8BC9CEB8-8B4A-11D0-8D11-00A0C91BC942}") = "Practic_work_3", "Practic_work_3\Practic_work_3.vcxproj", "{A79F96B3-5A04-4F31-BD6E-689CD89C425A}"
EndProject
Project("{8BC9CEB8-8B4A-11D0-8D11-00A0C91BC942}") = "Lab_work_3", "Lab_work_3\Lab_work_3.vcxproj", "{D96959E2-F0D2-4B8D-9B1F-50A46EB4AFC1}"
EndProject
Project("{8BC9CEB8-8B4A-11D0-8D11-00A0C91BC942}") = "Practic_work_4", "Practic_work_4\Practic_work_4.vcxproj", "{3EAE9447-1539-4079-8ECD-B5B1092CAC80}"
EndProject
Global
	GlobalSection(SolutionConfigurationPlatforms) = preSolution
		Debug|x64 = Debug|x64
		Debug|x86 = Debug|x86
		Release|x64 = Release|x64
		Release|x86 = Release|x86
	EndGlobalSection
	GlobalSection(ProjectConfigurationPlatforms) = postSolution
		{CFB88964-9350-409E-BCB1-79C3E2262FCB}.Debug|x64.ActiveCfg = Debug|x64
		{CFB88964-9350-409E-BCB1-79C3E2262FCB}.Debug|x64.Build.0 = Debug|x64
		{CFB88964-9350-409E-BCB1-79C3E2262FCB}.Debug|x86.ActiveCfg = Debug|Win32
		{CFB88964-9350-409E-BCB1-79C3E2262FCB}.Debug|x86.Build.0 = Debug|Win32
		{CFB88964-9350-409E-BCB1-79C3E2262FCB}.Release|x64.ActiveCfg = Release|x64
		{CFB88964-9350-409E-BCB1-79C3E2262FCB}.Release|x64.Build.0 = Release|x64
		{CFB88964-9350-409E-BCB1-79C3E2262FCB}.Release|x86.ActiveCfg = Release|Win32
		{CFB88964-9350-409E-BCB1-79C3E2262FCB}.Release|x86.Build.0 = Release|Win32
		{CA1A3192-2737-4448-9C2E-82CE847FD97F}.Debug|x64.ActiveCfg = Debug|x64
		{CA1A3192-2737-4448-9C2E-82CE847FD97F}.Debug|x64.Build.0 = Debug|x64
		{CA1A3192-2737-4448-9C2E-82CE847FD97F}.Debug|x86.ActiveCfg = Debug|Win32
		{CA1A3192-2737-4448-9C2E-82CE847FD97F}.Debug|x86.Build.0 = Debug|Win32
		{CA1A3192-2737-4448-9C2E-82CE847FD97F}.Release|x64.ActiveCfg = Release|x64
		{CA1A3192-2737-4448-9C2E-82CE847FD97F}.Release|x64.Build.0 = Release|x64
		{CA1A3192-2737-4448-9C2E-82CE847FD97F}.Release|x86.ActiveCfg = Release|Win32
		{CA1A3192-2737-4448-9C2E-82CE847FD97F}.Release|x86.Build.0 = Release|Win32
		{4309D58B-A310-4DB6-B5F5-88AB84DCDAAE}.Debug|x64.ActiveCfg = Debug|x64
		{4309D58B-A310-4DB6-B5F5-88AB84DCDAAE}.Debug|x64.Build.0 = Debug|x64
		{4309D58B-A310-4DB6-B5F5-88AB84DCDAAE}.Debug|x86.ActiveCfg = Debug|Win32
		{4309D58B-A310-4DB6-B5F5-88AB84DCDAAE}.Debug|x86.Build.0 = Debug|Win32
		{4309D58B-A310-4DB6-B5F5-88AB84DCDAAE}.Release|x64.ActiveCfg = Release|x64
		{4309D58B-A310-4DB6-B5F5-88AB84DCDAAE}.Release|x64.Build.0 = Release|x64
		{4309D58B-A310-4DB6-B5F5-88AB84DCDAAE}.Release|x86.ActiveCfg = Release|Win32
		{4309D58B-A310-4DB6-B5F5-88AB84DCDAAE}.Release|x86.Build.0 = Release|Win32
		{E47094B7-7A11-45B8-A0DE-8FDD1702B717}.Debug|x64.ActiveCfg = Debug|x64
		{E47094B7-7A11-45B8-A0DE-8FDD1702B717}.Debug|x64.Build.0 = Debug|x64
		{E47094B7-7A11-45B8-A0DE-8FDD1702B717}.Debug|x86.ActiveCfg = Debug|Win32
		{E47094B7-7A11-45B8-A0DE-8FDD1702B717}.Debug|x86.Build.0 = Debug|Win32
		{E47094B7-7A11-45B8-A0DE-8FDD1702B717}.Release|x64.ActiveCfg = Release|x64
		{E47094B7-7A11-45B8-A0DE-8FDD1702B717}.Release|x64.Build.0 = Release|x64
		{E47094B7-7A11-45B8-A0DE-8FDD1702B717}.Release|x86.ActiveCfg = Release|Win32
		{E47094B7-7A11-45B8-A0DE-8FDD1702B717}.Release|x86.Build.0 = Release|Win32
		{A79F96B3-5A04-4F31-BD6E-689CD89C425A}.Debug|x64.ActiveCfg = Debug|x64
		{A79F96B3-5A04-4F31-BD6E-689CD89C425A}.Debug|x64.Build.0 = Debug|x64
		{A79F96B3-5A04-4F31-BD6E-689CD89C425A}.Debug|x86.ActiveCfg = Debug|Win32
		{A79F96B3-5A04-4F31-BD6E-689CD89C425A}.Debug|x86.Build.0 = Debug|Win32
		{A79F96B3-5A04-4F31-BD6E-689CD89C425A}.Release|x64.ActiveCfg = Release|x64
		{A79F96B3-5A04-4F31-BD6E-689CD89C425A}.Release|x64.Build.0 = Release|x64
		{A79F96B3-5A04-4F31-BD6E-689CD89C425A}.Release|x86.ActiveCfg = Release|Win32
		{A79F96B3-5A04-4F31-BD6E-689CD89C425A}.Release|x86.Build.0 = Release|Win32
		{D96959E2-F0D2-4B8D-9B1F-50A46EB4AFC1}.Debug|x64.ActiveCfg = Debug|x64
		{D96959E2-F0D2-4B8D-9B1F-50A46EB4AFC1}.Debug|x64.Build.0 = Debug|x64
		{D96959E2-F0D2-4B8D-9B1F-50A46EB4AFC1}.Debug|x86.ActiveCfg = Debug|Win32
		{D96959E2-F0D2-4B8D-9B1F-50A46EB4AFC1}.Debug|x86.Build.0 = Debug|Win32
		{D96959E2-F0D2-4B8D-9B1F-50A46EB4AFC1}.Release|x64.ActiveCfg = Release|x64
		{D96959E2-F0D2-4B8D-9B1F-50A46EB4AFC1}.Release|x64.Build.0 = Release|x64
		{D96959E2-F0D2-4B8D-9B1F-50A46EB4AFC1}.Release|x86.ActiveCfg = Release|Win32
		{D96959E2-F0D2-4B8D-9B1F-50A46EB4AFC1}.Release|x86.Build.0 = Release|Win32
		{3EAE9447-1539-4079-8ECD-B5B1092CAC80}.Debug|x64.ActiveCfg = Debug|x64
		{3EAE9447-1539-4079-8ECD-B5B1092CAC80}.Debug|x64.Build.0 = Debug|x64
		{3EAE9447-1539-4079-8ECD-B5B1092CAC80}.Debug|x86.ActiveCfg = Debug|Win32
		{3EAE9447-1539-4079-8ECD-B5B1092CAC80}.Debug|x86.Build.0 = Debug|Win32
		{3EAE9447-1539-4079-8ECD-B5B1092CAC80}.Release|x64.ActiveCfg = Release|x64
		{3EAE9447-1539-4079-8ECD-B5B1092CAC80}.Release|x64.Build.0 = Release|x64
		{3EAE9447-1539-4079-8ECD-B5B1092CAC80}.Release|x86.ActiveCfg = Release|Win32
		{3EAE9447-1539-4079-8ECD-B5B1092CAC80}.Release|x86.Build.0 = Release|Win32
	EndGlobalSection
	GlobalSection(SolutionProperties) = preSolution
		HideSolutionNode = FALSE
	EndGlobalSection
	GlobalSection(ExtensibilityGlobals) = postSolution
		SolutionGuid = {1393007D-0837-43CD-961B-E75AC42E6CFB}
	EndGlobalSection
EndGlobal
